
Microsoft Visual Studio Solution File, Format Version 12.00
Project("{FAE04EC0-301F-11D3-BF4B-00C04F79EFBC}") = "Products", "Products\Products.csproj", "{DC972BEA-AF80-4E31-8F9E-C9281783E056}"
EndProject
Project("{FAE04EC0-301F-11D3-BF4B-00C04F79EFBC}") = "ProductsTests", "ProductsTests\ProductsTests.csproj", "{F2FA1AB3-DC27-4054-A8CA-E0D8BF6CCDBC}"
EndProject
Global
	GlobalSection(SolutionConfigurationPlatforms) = preSolution
		Debug|Any CPU = Debug|Any CPU
		Release|Any CPU = Release|Any CPU
	EndGlobalSection
	GlobalSection(ProjectConfigurationPlatforms) = postSolution
		{DC972BEA-AF80-4E31-8F9E-C9281783E056}.Debug|Any CPU.ActiveCfg = Debug|Any CPU
		{DC972BEA-AF80-4E31-8F9E-C9281783E056}.Debug|Any CPU.Build.0 = Debug|Any CPU
		{DC972BEA-AF80-4E31-8F9E-C9281783E056}.Release|Any CPU.ActiveCfg = Release|Any CPU
		{DC972BEA-AF80-4E31-8F9E-C9281783E056}.Release|Any CPU.Build.0 = Release|Any CPU
		{F2FA1AB3-DC27-4054-A8CA-E0D8BF6CCDBC}.Debug|Any CPU.ActiveCfg = Debug|Any CPU
		{F2FA1AB3-DC27-4054-A8CA-E0D8BF6CCDBC}.Debug|Any CPU.Build.0 = Debug|Any CPU
		{F2FA1AB3-DC27-4054-A8CA-E0D8BF6CCDBC}.Release|Any CPU.ActiveCfg = Release|Any CPU
		{F2FA1AB3-DC27-4054-A8CA-E0D8BF6CCDBC}.Release|Any CPU.Build.0 = Release|Any CPU
	EndGlobalSection
EndGlobal
